
Microsoft Visual Studio Solution File, Format Version 12.00
# Visual Studio 15
VisualStudioVersion = 15.0.27004.2006
MinimumVisualStudioVersion = 10.0.40219.1
Project("{FAE04EC0-301F-11D3-BF4B-00C04F79EFBC}") = "JobPusher", "src\JobPusher\JobPusher.csproj", "{60A7D295-E6E7-4E5E-AA96-B31BDE772FD6}"
EndProject
Project("{2150E333-8FDC-42A3-9474-1A3956D46DE8}") = "src", "src", "{D16938E7-3A1B-4202-8741-318E09954BFB}"
EndProject
Global
	GlobalSection(SolutionConfigurationPlatforms) = preSolution
		Debug|Any CPU = Debug|Any CPU
		Release|Any CPU = Release|Any CPU
	EndGlobalSection
	GlobalSection(ProjectConfigurationPlatforms) = postSolution
		{60A7D295-E6E7-4E5E-AA96-B31BDE772FD6}.Debug|Any CPU.ActiveCfg = Debug|Any CPU
		{60A7D295-E6E7-4E5E-AA96-B31BDE772FD6}.Debug|Any CPU.Build.0 = Debug|Any CPU
		{60A7D295-E6E7-4E5E-AA96-B31BDE772FD6}.Release|Any CPU.ActiveCfg = Release|Any CPU
		{60A7D295-E6E7-4E5E-AA96-B31BDE772FD6}.Release|Any CPU.Build.0 = Release|Any CPU
	EndGlobalSection
	GlobalSection(SolutionProperties) = preSolution
		HideSolutionNode = FALSE
	EndGlobalSection
	GlobalSection(NestedProjects) = preSolution
		{60A7D295-E6E7-4E5E-AA96-B31BDE772FD6} = {D16938E7-3A1B-4202-8741-318E09954BFB}
	EndGlobalSection
	GlobalSection(ExtensibilityGlobals) = postSolution
		SolutionGuid = {15BF481C-5C56-449C-A75D-AC0C18686D30}
	EndGlobalSection
EndGlobal
